
Microsoft Visual Studio Solution File, Format Version 12.00
# Visual Studio Version 17
VisualStudioVersion = 17.0.31903.59
MinimumVisualStudioVersion = 10.0.40219.1
Project("{FAE04EC0-301F-11D3-BF4B-00C04F79EFBC}") = "WebAPI", "WebAPI\WebAPI.csproj", "{D1A89A08-3B7A-43FC-8DA0-E1AB05D9048B}"
EndProject
Global
	GlobalSection(SolutionConfigurationPlatforms) = preSolution
		Debug|Any CPU = Debug|Any CPU
		Release|Any CPU = Release|Any CPU
	EndGlobalSection
	GlobalSection(ProjectConfigurationPlatforms) = postSolution
		{D1A89A08-3B7A-43FC-8DA0-E1AB05D9048B}.Debug|Any CPU.ActiveCfg = Debug|Any CPU
		{D1A89A08-3B7A-43FC-8DA0-E1AB05D9048B}.Debug|Any CPU.Build.0 = Debug|Any CPU
		{D1A89A08-3B7A-43FC-8DA0-E1AB05D9048B}.Release|Any CPU.ActiveCfg = Release|Any CPU
		{D1A89A08-3B7A-43FC-8DA0-E1AB05D9048B}.Release|Any CPU.Build.0 = Release|Any CPU
	EndGlobalSection
	GlobalSection(SolutionProperties) = preSolution
		HideSolutionNode = FALSE
	EndGlobalSection
	GlobalSection(ExtensibilityGlobals) = postSolution
		SolutionGuid = {2EC678E7-4142-4717-B9C2-C2754B05BA66}
	EndGlobalSection
EndGlobal
